// !$*UTF8*$!
{
	archiveVersion = 1;
	classes = {
	};
	objectVersion = 46;
	objects = {

/* Begin PBXBuildFile section */
		EDCB4A841D23E8EA008A1214 /* AppDelegate.swift in Sources */ = {isa = PBXBuildFile; fileRef = EDCB4A831D23E8EA008A1214 /* AppDelegate.swift */; };
		EDCB4A861D23E8EA008A1214 /* ViewController.swift in Sources */ = {isa = PBXBuildFile; fileRef = EDCB4A851D23E8EA008A1214 /* ViewController.swift */; };
		EDCB4A891D23E8EA008A1214 /* Main.storyboard in Resources */ = {isa = PBXBuildFile; fileRef = EDCB4A871D23E8EA008A1214 /* Main.storyboard */; };
		EDCB4A8B1D23E8EA008A1214 /* Assets.xcassets in Resources */ = {isa = PBXBuildFile; fileRef = EDCB4A8A1D23E8EA008A1214 /* Assets.xcassets */; };
		EDCB4A8E1D23E8EA008A1214 /* LaunchScreen.storyboard in Resources */ = {isa = PBXBuildFile; fileRef = EDCB4A8C1D23E8EA008A1214 /* LaunchScreen.storyboard */; };
		EDCB4A991D23E8EA008A1214 /* RestFire_ExampleTests.swift in Sources */ = {isa = PBXBuildFile; fileRef = EDCB4A981D23E8EA008A1214 /* RestFire_ExampleTests.swift */; };
/* End PBXBuildFile section */

/* Begin PBXContainerItemProxy section */
		EDCB4A951D23E8EA008A1214 /* PBXContainerItemProxy */ = {
			isa = PBXContainerItemProxy;
			containerPortal = EDCB4A781D23E8EA008A1214 /* Project object */;
			proxyType = 1;
			remoteGlobalIDString = EDCB4A7F1D23E8EA008A1214;
			remoteInfo = "RestFire-Example";
		};
/* End PBXContainerItemProxy section */

/* Begin PBXFileReference section */
		EDCB4A801D23E8EA008A1214 /* RestFire-Example.app */ = {isa = PBXFileReference; explicitFileType = wrapper.application; includeInIndex = 0; path = "RestFire-Example.app"; sourceTree = BUILT_PRODUCTS_DIR; };
		EDCB4A831D23E8EA008A1214 /* AppDelegate.swift */ = {isa = PBXFileReference; lastKnownFileType = sourcecode.swift; path = AppDelegate.swift; sourceTree = "<group>"; };
		EDCB4A851D23E8EA008A1214 /* ViewController.swift */ = {isa = PBXFileReference; lastKnownFileType = sourcecode.swift; path = ViewController.swift; sourceTree = "<group>"; };
		EDCB4A881D23E8EA008A1214 /* Base */ = {isa = PBXFileReference; lastKnownFileType = file.storyboard; name = Base; path = Base.lproj/Main.storyboard; sourceTree = "<group>"; };
		EDCB4A8A1D23E8EA008A1214 /* Assets.xcassets */ = {isa = PBXFileReference; lastKnownFileType = folder.assetcatalog; path = Assets.xcassets; sourceTree = "<group>"; };
		EDCB4A8D1D23E8EA008A1214 /* Base */ = {isa = PBXFileReference; lastKnownFileType = file.storyboard; name = Base; path = Base.lproj/LaunchScreen.storyboard; sourceTree = "<group>"; };
		EDCB4A8F1D23E8EA008A1214 /* Info.plist */ = {isa = PBXFileReference; lastKnownFileType = text.plist.xml; path = Info.plist; sourceTree = "<group>"; };
		EDCB4A941D23E8EA008A1214 /* RestFire-ExampleTests.xctest */ = {isa = PBXFileReference; explicitFileType = wrapper.cfbundle; includeInIndex = 0; path = "RestFire-ExampleTests.xctest"; sourceTree = BUILT_PRODUCTS_DIR; };
		EDCB4A981D23E8EA008A1214 /* RestFire_ExampleTests.swift */ = {isa = PBXFileReference; lastKnownFileType = sourcecode.swift; path = RestFire_ExampleTests.swift; sourceTree = "<group>"; };
		EDCB4A9A1D23E8EA008A1214 /* Info.plist */ = {isa = PBXFileReference; lastKnownFileType = text.plist.xml; path = Info.plist; sourceTree = "<group>"; };
/* End PBXFileReference section */

/* Begin PBXFrameworksBuildPhase section */
		EDCB4A7D1D23E8EA008A1214 /* Frameworks */ = {
			isa = PBXFrameworksBuildPhase;
			buildActionMask = 2147483647;
			files = (
			);
			runOnlyForDeploymentPostprocessing = 0;
		};
		EDCB4A911D23E8EA008A1214 /* Frameworks */ = {
			isa = PBXFrameworksBuildPhase;
			buildActionMask = 2147483647;
			files = (
			);
			runOnlyForDeploymentPostprocessing = 0;
		};
/* End PBXFrameworksBuildPhase section */

/* Begin PBXGroup section */
		EDCB4A771D23E8EA008A1214 = {
			isa = PBXGroup;
			children = (
				EDCB4A821D23E8EA008A1214 /* RestFire-Example */,
				EDCB4A971D23E8EA008A1214 /* RestFire-ExampleTests */,
				EDCB4A811D23E8EA008A1214 /* Products */,
			);
			sourceTree = "<group>";
		};
		EDCB4A811D23E8EA008A1214 /* Products */ = {
			isa = PBXGroup;
			children = (
				EDCB4A801D23E8EA008A1214 /* RestFire-Example.app */,
				EDCB4A941D23E8EA008A1214 /* RestFire-ExampleTests.xctest */,
			);
			name = Products;
			sourceTree = "<group>";
		};
		EDCB4A821D23E8EA008A1214 /* RestFire-Example */ = {
			isa = PBXGroup;
			children = (
				EDCB4A831D23E8EA008A1214 /* AppDelegate.swift */,
				EDCB4A851D23E8EA008A1214 /* ViewController.swift */,
				EDCB4A871D23E8EA008A1214 /* Main.storyboard */,
				EDCB4A8A1D23E8EA008A1214 /* Assets.xcassets */,
				EDCB4A8C1D23E8EA008A1214 /* LaunchScreen.storyboard */,
				EDCB4A8F1D23E8EA008A1214 /* Info.plist */,
			);
			path = "RestFire-Example";
			sourceTree = "<group>";
		};
		EDCB4A971D23E8EA008A1214 /* RestFire-ExampleTests */ = {
			isa = PBXGroup;
			children = (
				EDCB4A981D23E8EA008A1214 /* RestFire_ExampleTests.swift */,
				EDCB4A9A1D23E8EA008A1214 /* Info.plist */,
			);
			path = "RestFire-ExampleTests";
			sourceTree = "<group>";
		};
/* End PBXGroup section */

/* Begin PBXNativeTarget section */
		EDCB4A7F1D23E8EA008A1214 /* RestFire-Example */ = {
			isa = PBXNativeTarget;
			buildConfigurationList = EDCB4A9D1D23E8EA008A1214 /* Build configuration list for PBXNativeTarget "RestFire-Example" */;
			buildPhases = (
				EDCB4A7C1D23E8EA008A1214 /* Sources */,
				EDCB4A7D1D23E8EA008A1214 /* Frameworks */,
				EDCB4A7E1D23E8EA008A1214 /* Resources */,
			);
			buildRules = (
			);
			dependencies = (
			);
			name = "RestFire-Example";
			productName = "RestFire-Example";
			productReference = EDCB4A801D23E8EA008A1214 /* RestFire-Example.app */;
			productType = "com.apple.product-type.application";
		};
		EDCB4A931D23E8EA008A1214 /* RestFire-ExampleTests */ = {
			isa = PBXNativeTarget;
			buildConfigurationList = EDCB4AA01D23E8EA008A1214 /* Build configuration list for PBXNativeTarget "RestFire-ExampleTests" */;
			buildPhases = (
				EDCB4A901D23E8EA008A1214 /* Sources */,
				EDCB4A911D23E8EA008A1214 /* Frameworks */,
				EDCB4A921D23E8EA008A1214 /* Resources */,
			);
			buildRules = (
			);
			dependencies = (
				EDCB4A961D23E8EA008A1214 /* PBXTargetDependency */,
			);
			name = "RestFire-ExampleTests";
			productName = "RestFire-ExampleTests";
			productReference = EDCB4A941D23E8EA008A1214 /* RestFire-ExampleTests.xctest */;
			productType = "com.apple.product-type.bundle.unit-test";
		};
/* End PBXNativeTarget section */

/* Begin PBXProject section */
		EDCB4A781D23E8EA008A1214 /* Project object */ = {
			isa = PBXProject;
			attributes = {
				LastSwiftUpdateCheck = 0730;
				LastUpgradeCheck = 0730;
				ORGANIZATIONNAME = "Hucon Global AS";
				TargetAttributes = {
					EDCB4A7F1D23E8EA008A1214 = {
						CreatedOnToolsVersion = 7.3.1;
					};
					EDCB4A931D23E8EA008A1214 = {
						CreatedOnToolsVersion = 7.3.1;
						TestTargetID = EDCB4A7F1D23E8EA008A1214;
					};
				};
			};
			buildConfigurationList = EDCB4A7B1D23E8EA008A1214 /* Build configuration list for PBXProject "RestFire-Example" */;
			compatibilityVersion = "Xcode 3.2";
			developmentRegion = English;
			hasScannedForEncodings = 0;
			knownRegions = (
				en,
				Base,
			);
			mainGroup = EDCB4A771D23E8EA008A1214;
			productRefGroup = EDCB4A811D23E8EA008A1214 /* Products */;
			projectDirPath = "";
			projectRoot = "";
			targets = (
				EDCB4A7F1D23E8EA008A1214 /* RestFire-Example */,
				EDCB4A931D23E8EA008A1214 /* RestFire-ExampleTests */,
			);
		};
/* End PBXProject section */

/* Begin PBXResourcesBuildPhase section */
		EDCB4A7E1D23E8EA008A1214 /* Resources */ = {
			isa = PBXResourcesBuildPhase;
			buildActionMask = 2147483647;
			files = (
				EDCB4A8E1D23E8EA008A1214 /* LaunchScreen.storyboard in Resources */,
				EDCB4A8B1D23E8EA008A1214 /* Assets.xcassets in Resources */,
				EDCB4A891D23E8EA008A1214 /* Main.storyboard in Resources */,
			);
			runOnlyForDeploymentPostprocessing = 0;
		};
		EDCB4A921D23E8EA008A1214 /* Resources */ = {
			isa = PBXResourcesBuildPhase;
			buildActionMask = 2147483647;
			files = (
			);
			runOnlyForDeploymentPostprocessing = 0;
		};
/* End PBXResourcesBuildPhase section */

/* Begin PBXSourcesBuildPhase section */
		EDCB4A7C1D23E8EA008A1214 /* Sources */ = {
			isa = PBXSourcesBuildPhase;
			buildActionMask = 2147483647;
			files = (
				EDCB4A861D23E8EA008A1214 /* ViewController.swift in Sources */,
				EDCB4A841D23E8EA008A1214 /* AppDelegate.swift in Sources */,
			);
			runOnlyForDeploymentPostprocessing = 0;
		};
		EDCB4A901D23E8EA008A1214 /* Sources */ = {
			isa = PBXSourcesBuildPhase;
			buildActionMask = 2147483647;
			files = (
				EDCB4A991D23E8EA008A1214 /* RestFire_ExampleTests.swift in Sources */,
			);
			runOnlyForDeploymentPostprocessing = 0;
		};
/* End PBXSourcesBuildPhase section */

/* Begin PBXTargetDependency section */
		EDCB4A961D23E8EA008A1214 /* PBXTargetDependency */ = {
			isa = PBXTargetDependency;
			target = EDCB4A7F1D23E8EA008A1214 /* RestFire-Example */;
			targetProxy = EDCB4A951D23E8EA008A1214 /* PBXContainerItemProxy */;
		};
/* End PBXTargetDependency section */

/* Begin PBXVariantGroup section */
		EDCB4A871D23E8EA008A1214 /* Main.storyboard */ = {
			isa = PBXVariantGroup;
			children = (
				EDCB4A881D23E8EA008A1214 /* Base */,
			);
			name = Main.storyboard;
			sourceTree = "<group>";
		};
		EDCB4A8C1D23E8EA008A1214 /* LaunchScreen.storyboard */ = {
			isa = PBXVariantGroup;
			children = (
				EDCB4A8D1D23E8EA008A1214 /* Base */,
			);
			name = LaunchScreen.storyboard;
			sourceTree = "<group>";
		};
/* End PBXVariantGroup section */

/* Begin XCBuildConfiguration section */
		EDCB4A9B1D23E8EA008A1214 /* Debug */ = {
			isa = XCBuildConfiguration;
			buildSettings = {
				ALWAYS_SEARCH_USER_PATHS = NO;
				CLANG_ANALYZER_NONNULL = YES;
				CLANG_CXX_LANGUAGE_STANDARD = "gnu++0x";
				CLANG_CXX_LIBRARY = "libc++";
				CLANG_ENABLE_MODULES = YES;
				CLANG_ENABLE_OBJC_ARC = YES;
				CLANG_WARN_BOOL_CONVERSION = YES;
				CLANG_WARN_CONSTANT_CONVERSION = YES;
				CLANG_WARN_DIRECT_OBJC_ISA_USAGE = YES_ERROR;
				CLANG_WARN_EMPTY_BODY = YES;
				CLANG_WARN_ENUM_CONVERSION = YES;
				CLANG_WARN_INT_CONVERSION = YES;
				CLANG_WARN_OBJC_ROOT_CLASS = YES_ERROR;
				CLANG_WARN_UNREACHABLE_CODE = YES;
				CLANG_WARN__DUPLICATE_METHOD_MATCH = YES;
				"CODE_SIGN_IDENTITY[sdk=iphoneos*]" = "iPhone Developer";
				COPY_PHASE_STRIP = NO;
				DEBUG_INFORMATION_FORMAT = dwarf;
				ENABLE_STRICT_OBJC_MSGSEND = YES;
				ENABLE_TESTABILITY = YES;
				GCC_C_LANGUAGE_STANDARD = gnu99;
				GCC_DYNAMIC_NO_PIC = NO;
				GCC_NO_COMMON_BLOCKS = YES;
				GCC_OPTIMIZATION_LEVEL = 0;
				GCC_PREPROCESSOR_DEFINITIONS = (
					"DEBUG=1",
					"$(inherited)",
				);
				GCC_WARN_64_TO_32_BIT_CONVERSION = YES;
				GCC_WARN_ABOUT_RETURN_TYPE = YES_ERROR;
				GCC_WARN_UNDECLARED_SELECTOR = YES;
				GCC_WARN_UNINITIALIZED_AUTOS = YES_AGGRESSIVE;
				GCC_WARN_UNUSED_FUNCTION = YES;
				GCC_WARN_UNUSED_VARIABLE = YES;
				IPHONEOS_DEPLOYMENT_TARGET = 9.3;
				MTL_ENABLE_DEBUG_INFO = YES;
				ONLY_ACTIVE_ARCH = YES;
				SDKROOT = iphoneos;
				SWIFT_OPTIMIZATION_LEVEL = "-Onone";
				TARGETED_DEVICE_FAMILY = "1,2";
			};
			name = Debug;
		};
		EDCB4A9C1D23E8EA008A1214 /* Release */ = {
			isa = XCBuildConfiguration;
			buildSettings = {
				ALWAYS_SEARCH_USER_PATHS = NO;
				CLANG_ANALYZER_NONNULL = YES;
				CLANG_CXX_LANGUAGE_STANDARD = "gnu++0x";
				CLANG_CXX_LIBRARY = "libc++";
				CLANG_ENABLE_MODULES = YES;
				CLANG_ENABLE_OBJC_ARC = YES;
				CLANG_WARN_BOOL_CONVERSION = YES;
				CLANG_WARN_CONSTANT_CONVERSION = YES;
				CLANG_WARN_DIRECT_OBJC_ISA_USAGE = YES_ERROR;
				CLANG_WARN_EMPTY_BODY = YES;
				CLANG_WARN_ENUM_CONVERSION = YES;
				CLANG_WARN_INT_CONVERSION = YES;
				CLANG_WARN_OBJC_ROOT_CLASS = YES_ERROR;
				CLANG_WARN_UNREACHABLE_CODE = YES;
				CLANG_WARN__DUPLICATE_METHOD_MATCH = YES;
				"CODE_SIGN_IDENTITY[sdk=iphoneos*]" = "iPhone Developer";
				COPY_PHASE_STRIP = NO;
				DEBUG_INFORMATION_FORMAT = "dwarf-with-dsym";
				ENABLE_NS_ASSERTIONS = NO;
				ENABLE_STRICT_OBJC_MSGSEND = YES;
				GCC_C_LANGUAGE_STANDARD = gnu99;
				GCC_NO_COMMON_BLOCKS = YES;
				GCC_WARN_64_TO_32_BIT_CONVERSION = YES;
				GCC_WARN_ABOUT_RETURN_TYPE = YES_ERROR;
				GCC_WARN_UNDECLARED_SELECTOR = YES;
				GCC_WARN_UNINITIALIZED_AUTOS = YES_AGGRESSIVE;
				GCC_WARN_UNUSED_FUNCTION = YES;
				GCC_WARN_UNUSED_VARIABLE = YES;
				IPHONEOS_DEPLOYMENT_TARGET = 9.3;
				MTL_ENABLE_DEBUG_INFO = NO;
				SDKROOT = iphoneos;
				TARGETED_DEVICE_FAMILY = "1,2";
				VALIDATE_PRODUCT = YES;
			};
			name = Release;
		};
		EDCB4A9E1D23E8EA008A1214 /* Debug */ = {
			isa = XCBuildConfiguration;
			buildSettings = {
				ASSETCATALOG_COMPILER_APPICON_NAME = AppIcon;
				INFOPLIST_FILE = "RestFire-Example/Info.plist";
				LD_RUNPATH_SEARCH_PATHS = "$(inherited) @executable_path/Frameworks";
				PRODUCT_BUNDLE_IDENTIFIER = "com.huconglobal.RestFire-Example";
				PRODUCT_NAME = "$(TARGET_NAME)";
			};
			name = Debug;
		};
		EDCB4A9F1D23E8EA008A1214 /* Release */ = {
			isa = XCBuildConfiguration;
			buildSettings = {
				ASSETCATALOG_COMPILER_APPICON_NAME = AppIcon;
				INFOPLIST_FILE = "RestFire-Example/Info.plist";
				LD_RUNPATH_SEARCH_PATHS = "$(inherited) @executable_path/Frameworks";
				PRODUCT_BUNDLE_IDENTIFIER = "com.huconglobal.RestFire-Example";
				PRODUCT_NAME = "$(TARGET_NAME)";
			};
			name = Release;
		};
		EDCB4AA11D23E8EA008A1214 /* Debug */ = {
			isa = XCBuildConfiguration;
			buildSettings = {
				BUNDLE_LOADER = "$(TEST_HOST)";
				INFOPLIST_FILE = "RestFire-ExampleTests/Info.plist";
				LD_RUNPATH_SEARCH_PATHS = "$(inherited) @executable_path/Frameworks @loader_path/Frameworks";
				PRODUCT_BUNDLE_IDENTIFIER = "com.huconglobal.RestFire-ExampleTests";
				PRODUCT_NAME = "$(TARGET_NAME)";
				TEST_HOST = "$(BUILT_PRODUCTS_DIR)/RestFire-Example.app/RestFire-Example";
			};
			name = Debug;
		};
		EDCB4AA21D23E8EA008A1214 /* Release */ = {
			isa = XCBuildConfiguration;
			buildSettings = {
				BUNDLE_LOADER = "$(TEST_HOST)";
				INFOPLIST_FILE = "RestFire-ExampleTests/Info.plist";
				LD_RUNPATH_SEARCH_PATHS = "$(inherited) @executable_path/Frameworks @loader_path/Frameworks";
				PRODUCT_BUNDLE_IDENTIFIER = "com.huconglobal.RestFire-ExampleTests";
				PRODUCT_NAME = "$(TARGET_NAME)";
				TEST_HOST = "$(BUILT_PRODUCTS_DIR)/RestFire-Example.app/RestFire-Example";
			};
			name = Release;
		};
/* End XCBuildConfiguration section */

/* Begin XCConfigurationList section */
		EDCB4A7B1D23E8EA008A1214 /* Build configuration list for PBXProject "RestFire-Example" */ = {
			isa = XCConfigurationList;
			buildConfigurations = (
				EDCB4A9B1D23E8EA008A1214 /* Debug */,
				EDCB4A9C1D23E8EA008A1214 /* Release */,
			);
			defaultConfigurationIsVisible = 0;
			defaultConfigurationName = Release;
		};
		EDCB4A9D1D23E8EA008A1214 /* Build configuration list for PBXNativeTarget "RestFire-Example" */ = {
			isa = XCConfigurationList;
			buildConfigurations = (
				EDCB4A9E1D23E8EA008A1214 /* Debug */,
				EDCB4A9F1D23E8EA008A1214 /* Release */,
			);
			defaultConfigurationIsVisible = 0;
		};
		EDCB4AA01D23E8EA008A1214 /* Build configuration list for PBXNativeTarget "RestFire-ExampleTests" */ = {
			isa = XCConfigurationList;
			buildConfigurations = (
				EDCB4AA11D23E8EA008A1214 /* Debug */,
				EDCB4AA21D23E8EA008A1214 /* Release */,
			);
			defaultConfigurationIsVisible = 0;
		};
/* End XCConfigurationList section */
	};
	rootObject = EDCB4A781D23E8EA008A1214 /* Project object */;
}
